
Microsoft Visual Studio Solution File, Format Version 12.00
# Visual Studio Version 17
VisualStudioVersion = 17.11.35312.102
MinimumVisualStudioVersion = 10.0.40219.1
Project("{8BC9CEB8-8B4A-11D0-8D11-00A0C91BC942}") = "p15", "p15\p15.vcxproj", "{FE907CA7-E2A6-4A81-9099-A301F4BD870A}"
EndProject
Global
	GlobalSection(SolutionConfigurationPlatforms) = preSolution
		Debug|x64 = Debug|x64
		Debug|x86 = Debug|x86
		Release|x64 = Release|x64
		Release|x86 = Release|x86
	EndGlobalSection
	GlobalSection(ProjectConfigurationPlatforms) = postSolution
		{FE907CA7-E2A6-4A81-9099-A301F4BD870A}.Debug|x64.ActiveCfg = Debug|x64
		{FE907CA7-E2A6-4A81-9099-A301F4BD870A}.Debug|x64.Build.0 = Debug|x64
		{FE907CA7-E2A6-4A81-9099-A301F4BD870A}.Debug|x86.ActiveCfg = Debug|Win32
		{FE907CA7-E2A6-4A81-9099-A301F4BD870A}.Debug|x86.Build.0 = Debug|Win32
		{FE907CA7-E2A6-4A81-9099-A301F4BD870A}.Release|x64.ActiveCfg = Release|x64
		{FE907CA7-E2A6-4A81-9099-A301F4BD870A}.Release|x64.Build.0 = Release|x64
		{FE907CA7-E2A6-4A81-9099-A301F4BD870A}.Release|x86.ActiveCfg = Release|Win32
		{FE907CA7-E2A6-4A81-9099-A301F4BD870A}.Release|x86.Build.0 = Release|Win32
	EndGlobalSection
	GlobalSection(SolutionProperties) = preSolution
		HideSolutionNode = FALSE
	EndGlobalSection
	GlobalSection(ExtensibilityGlobals) = postSolution
		SolutionGuid = {533C671E-B864-4C17-A9A2-300A9C4348BD}
	EndGlobalSection
EndGlobal
